# This file is automatically @generated by Cargo.
# It is not intended for manual editing.
version = 3

[[package]]
name = "verilog-to-superconducting"
version = "0.1.0"

[[package]]
name = "vts_archfpga"
version = "0.0.0"

[[package]]
name = "vts_blif"
version = "0.0.0"

[[package]]
name = "vts_parsec"
version = "0.0.0"

[[package]]
name = "vts_verilog"
version = "0.0.0"
