# This file is automatically @generated by Cargo.
# It is not intended for manual editing.
version = 3

[[package]]
name = "bytecount"
version = "0.6.3"
source = "registry+https://github.com/rust-lang/crates.io-index"
checksum = "2c676a478f63e9fa2dd5368a42f28bba0d6c560b775f38583c8bbaa7fcd67c9c"

[[package]]
name = "memchr"
version = "2.5.0"
source = "registry+https://github.com/rust-lang/crates.io-index"
checksum = "2dffe52ecf27772e601905b7522cb4ef790d2cc203488bbd0e2fe85fcb74566d"

[[package]]
name = "minimal-lexical"
version = "0.2.1"
source = "registry+https://github.com/rust-lang/crates.io-index"
checksum = "68354c5c6bd36d73ff3feceb05efa59b6acb7626617f4962be322a825e61f79a"

[[package]]
name = "nom"
version = "7.1.3"
source = "registry+https://github.com/rust-lang/crates.io-index"
checksum = "d273983c5a657a70a3e8f2a01329822f3b8c8172b73826411a55751e404a0a4a"
dependencies = [
 "memchr",
 "minimal-lexical",
]

[[package]]
name = "nom_locate"
version = "4.1.0"
source = "registry+https://github.com/rust-lang/crates.io-index"
checksum = "b1e299bf5ea7b212e811e71174c5d1a5d065c4c0ad0c8691ecb1f97e3e66025e"
dependencies = [
 "bytecount",
 "memchr",
 "nom",
]

[[package]]
name = "proc-macro2"
version = "1.0.58"
source = "registry+https://github.com/rust-lang/crates.io-index"
checksum = "fa1fb82fc0c281dd9671101b66b771ebbe1eaf967b96ac8740dcba4b70005ca8"
dependencies = [
 "unicode-ident",
]

[[package]]
name = "quote"
version = "1.0.27"
source = "registry+https://github.com/rust-lang/crates.io-index"
checksum = "8f4f29d145265ec1c483c7c654450edde0bfe043d3938d6972630663356d9500"
dependencies = [
 "proc-macro2",
]

[[package]]
name = "roxmltree"
version = "0.18.0"
source = "registry+https://github.com/rust-lang/crates.io-index"
checksum = "d8f595a457b6b8c6cda66a48503e92ee8d19342f905948f29c383200ec9eb1d8"
dependencies = [
 "xmlparser",
]

[[package]]
name = "syn"
version = "2.0.16"
source = "registry+https://github.com/rust-lang/crates.io-index"
checksum = "a6f671d4b5ffdb8eadec19c0ae67fe2639df8684bd7bc4b83d986b8db549cf01"
dependencies = [
 "proc-macro2",
 "quote",
 "unicode-ident",
]

[[package]]
name = "thiserror"
version = "1.0.40"
source = "registry+https://github.com/rust-lang/crates.io-index"
checksum = "978c9a314bd8dc99be594bc3c175faaa9794be04a5a5e153caba6915336cebac"
dependencies = [
 "thiserror-impl",
]

[[package]]
name = "thiserror-impl"
version = "1.0.40"
source = "registry+https://github.com/rust-lang/crates.io-index"
checksum = "f9456a42c5b0d803c8cd86e73dd7cc9edd429499f37a3550d286d5e86720569f"
dependencies = [
 "proc-macro2",
 "quote",
 "syn",
]

[[package]]
name = "unicode-ident"
version = "1.0.8"
source = "registry+https://github.com/rust-lang/crates.io-index"
checksum = "e5464a87b239f13a63a501f2701565754bae92d243d4bb7eb12f6d57d2269bf4"

[[package]]
name = "verilog-to-superconducting"
version = "0.1.0"

[[package]]
name = "vts_blif"
version = "0.0.0"
dependencies = [
 "nom",
 "nom_locate",
 "thiserror",
 "unicode-ident",
]

[[package]]
name = "vts_fpgaarch"
version = "0.0.0"
dependencies = [
 "roxmltree",
]

[[package]]
name = "xmlparser"
version = "0.13.5"
source = "registry+https://github.com/rust-lang/crates.io-index"
checksum = "4d25c75bf9ea12c4040a97f829154768bbbce366287e2dc044af160cd79a13fd"
